
Microsoft Visual Studio Solution File, Format Version 12.00
# Visual Studio Version 16
VisualStudioVersion = 16.0.30011.22
MinimumVisualStudioVersion = 10.0.40219.1
Project("{2150E333-8FDC-42A3-9474-1A3956D46DE8}") = "lib", "lib", "{AB4F80AC-5703-466B-A950-E88392FDA82A}"
EndProject
Project("{2150E333-8FDC-42A3-9474-1A3956D46DE8}") = "doc", "doc", "{18A6A4BE-4BA1-49FA-B155-5E1128B3E07B}"
	ProjectSection(SolutionItems) = preProject
		doc\HighLevelArchitecture.jpg = doc\HighLevelArchitecture.jpg
	EndProjectSection
EndProject
Project("{2150E333-8FDC-42A3-9474-1A3956D46DE8}") = "test", "test", "{BDF8EEB6-7CAD-4AB5-BA12-0CB8DF3B18BE}"
	ProjectSection(SolutionItems) = preProject
		jwt_development.txt = jwt_development.txt
	EndProjectSection
EndProject
Project("{2150E333-8FDC-42A3-9474-1A3956D46DE8}") = "application", "application", "{E17ABA93-095F-4D69-8F11-5DC5EBB8D938}"
EndProject
Project("{2150E333-8FDC-42A3-9474-1A3956D46DE8}") = "domain", "domain", "{3064AF45-6491-4308-86CC-B234379D1F05}"
EndProject
Project("{2150E333-8FDC-42A3-9474-1A3956D46DE8}") = "infrastructure", "infrastructure", "{5B169266-D9D7-4B94-8F4B-27F1CAD2C4A7}"
EndProject
Project("{2150E333-8FDC-42A3-9474-1A3956D46DE8}") = "unit", "unit", "{AAE1DFAD-A015-4F4D-BE54-FB1D87535FEE}"
EndProject
Project("{2150E333-8FDC-42A3-9474-1A3956D46DE8}") = "integration", "integration", "{C68BE1B8-17FB-4876-A456-3BBABB777989}"
EndProject
Project("{9A19103F-16F7-4668-BE54-9A1E7A4F7556}") = "LSS.HCM.Core.Domain.UnitTest", "test\unit\LSS.HCM.Core.Domain.UnitTest\LSS.HCM.Core.Domain.UnitTest.csproj", "{D5603CFE-7BA4-4B92-A71C-C2F33983F68A}"
EndProject
Project("{9A19103F-16F7-4668-BE54-9A1E7A4F7556}") = "LSS.HCM.Core.Security.UnitTest", "test\unit\LSS.HCM.Core.Security.UnitTest\LSS.HCM.Core.Security.UnitTest.csproj", "{D732BD1A-BD17-4E26-A05F-CF69E420628A}"
EndProject
Project("{9A19103F-16F7-4668-BE54-9A1E7A4F7556}") = "LSS.HCM.Core.Validator.UnitTest", "test\unit\LSS.HCM.Core.Validator.UnitTest\LSS.HCM.Core.Validator.UnitTest.csproj", "{B354403C-B557-4D68-A6EB-99BA592B4984}"
EndProject
Project("{9A19103F-16F7-4668-BE54-9A1E7A4F7556}") = "LSS.HCM.Core.Infrastructure", "lib\infrastructure\LSS.HCM.Core.Infrastructure\LSS.HCM.Core.Infrastructure.csproj", "{D94CFF00-C150-4420-BA56-6A7B7892AF88}"
EndProject
Project("{9A19103F-16F7-4668-BE54-9A1E7A4F7556}") = "LSS.HCM.Core.Common", "lib\domain\LSS.HCM.Core.Common\LSS.HCM.Core.Common.csproj", "{59B78A44-9C24-43FC-9432-D94A79EE2AEB}"
EndProject
Project("{9A19103F-16F7-4668-BE54-9A1E7A4F7556}") = "LSS.HCM.Core.Domain", "lib\domain\LSS.HCM.Core.Domain\LSS.HCM.Core.Domain.csproj", "{7C5F43E9-AD71-456F-A60F-BB9DB0307B3C}"
EndProject
Project("{9A19103F-16F7-4668-BE54-9A1E7A4F7556}") = "LSS.HCM.Core.Entities", "lib\domain\LSS.HCM.Core.Entities\LSS.HCM.Core.Entities.csproj", "{7F4DBA90-121A-4135-A5F0-4D2B5E4B5839}"
EndProject
Project("{9A19103F-16F7-4668-BE54-9A1E7A4F7556}") = "LSS.HCM.Core.Validator", "lib\domain\LSS.HCM.Core.Validator\LSS.HCM.Core.Validator.csproj", "{24DDAC16-95DC-4A3A-943F-42548D6831C3}"
EndProject
Project("{9A19103F-16F7-4668-BE54-9A1E7A4F7556}") = "LSS.HCM.Core.Api", "lib\application\LSS.HCM.Core.Api\LSS.HCM.Core.Api.csproj", "{F2BD01B4-5401-4823-9073-51FC6066B734}"
EndProject
Project("{9A19103F-16F7-4668-BE54-9A1E7A4F7556}") = "LSS.HCM.Core.DataObjects", "lib\application\LSS.HCM.Core.DataObjects\LSS.HCM.Core.DataObjects.csproj", "{9B8A7C0D-E2DB-475A-BFF4-CCE668856161}"
EndProject
Project("{9A19103F-16F7-4668-BE54-9A1E7A4F7556}") = "LSS.HCM.Core.Security", "lib\application\LSS.HCM.Core.Security\LSS.HCM.Core.Security.csproj", "{06F24BFB-49FA-4B67-897C-8244C09B06F8}"
EndProject
Project("{2150E333-8FDC-42A3-9474-1A3956D46DE8}") = "presentation", "presentation", "{D55E1589-45AD-4385-A8F8-C02198A6B676}"
EndProject
Project("{9A19103F-16F7-4668-BE54-9A1E7A4F7556}") = "LSS.FE.App", "lib\presentation\LSS.FE.App\LSS.FE.App.csproj", "{6B80EDE5-06EE-4A34-A925-44A6FA2037C2}"
EndProject
Project("{9A19103F-16F7-4668-BE54-9A1E7A4F7556}") = "LSS.IntegrationTest", "test\integration\LSS.IntegrationTest\LSS.IntegrationTest.csproj", "{B97B315F-3EBD-4ED1-AF41-DB3D9BB58FB9}"
EndProject
Project("{9A19103F-16F7-4668-BE54-9A1E7A4F7556}") = "LSS.HCM.UnitTest.DependencyResolver", "test\unit\LSS.HCM.UnitTest.DependencyResolver\LSS.HCM.UnitTest.DependencyResolver.csproj", "{BEB491A8-728B-479D-BA49-76DE65ECA699}"
EndProject
Global
	GlobalSection(SolutionConfigurationPlatforms) = preSolution
		Debug|Any CPU = Debug|Any CPU
		Release|Any CPU = Release|Any CPU
	EndGlobalSection
	GlobalSection(ProjectConfigurationPlatforms) = postSolution
		{D5603CFE-7BA4-4B92-A71C-C2F33983F68A}.Debug|Any CPU.ActiveCfg = Debug|Any CPU
		{D5603CFE-7BA4-4B92-A71C-C2F33983F68A}.Debug|Any CPU.Build.0 = Debug|Any CPU
		{D5603CFE-7BA4-4B92-A71C-C2F33983F68A}.Release|Any CPU.ActiveCfg = Release|Any CPU
		{D5603CFE-7BA4-4B92-A71C-C2F33983F68A}.Release|Any CPU.Build.0 = Release|Any CPU
		{D732BD1A-BD17-4E26-A05F-CF69E420628A}.Debug|Any CPU.ActiveCfg = Debug|Any CPU
		{D732BD1A-BD17-4E26-A05F-CF69E420628A}.Debug|Any CPU.Build.0 = Debug|Any CPU
		{D732BD1A-BD17-4E26-A05F-CF69E420628A}.Release|Any CPU.ActiveCfg = Release|Any CPU
		{D732BD1A-BD17-4E26-A05F-CF69E420628A}.Release|Any CPU.Build.0 = Release|Any CPU
		{B354403C-B557-4D68-A6EB-99BA592B4984}.Debug|Any CPU.ActiveCfg = Debug|Any CPU
		{B354403C-B557-4D68-A6EB-99BA592B4984}.Debug|Any CPU.Build.0 = Debug|Any CPU
		{B354403C-B557-4D68-A6EB-99BA592B4984}.Release|Any CPU.ActiveCfg = Release|Any CPU
		{B354403C-B557-4D68-A6EB-99BA592B4984}.Release|Any CPU.Build.0 = Release|Any CPU
		{D94CFF00-C150-4420-BA56-6A7B7892AF88}.Debug|Any CPU.ActiveCfg = Debug|Any CPU
		{D94CFF00-C150-4420-BA56-6A7B7892AF88}.Debug|Any CPU.Build.0 = Debug|Any CPU
		{D94CFF00-C150-4420-BA56-6A7B7892AF88}.Release|Any CPU.ActiveCfg = Release|Any CPU
		{D94CFF00-C150-4420-BA56-6A7B7892AF88}.Release|Any CPU.Build.0 = Release|Any CPU
		{59B78A44-9C24-43FC-9432-D94A79EE2AEB}.Debug|Any CPU.ActiveCfg = Debug|Any CPU
		{59B78A44-9C24-43FC-9432-D94A79EE2AEB}.Debug|Any CPU.Build.0 = Debug|Any CPU
		{59B78A44-9C24-43FC-9432-D94A79EE2AEB}.Release|Any CPU.ActiveCfg = Release|Any CPU
		{59B78A44-9C24-43FC-9432-D94A79EE2AEB}.Release|Any CPU.Build.0 = Release|Any CPU
		{7C5F43E9-AD71-456F-A60F-BB9DB0307B3C}.Debug|Any CPU.ActiveCfg = Debug|Any CPU
		{7C5F43E9-AD71-456F-A60F-BB9DB0307B3C}.Debug|Any CPU.Build.0 = Debug|Any CPU
		{7C5F43E9-AD71-456F-A60F-BB9DB0307B3C}.Release|Any CPU.ActiveCfg = Release|Any CPU
		{7C5F43E9-AD71-456F-A60F-BB9DB0307B3C}.Release|Any CPU.Build.0 = Release|Any CPU
		{7F4DBA90-121A-4135-A5F0-4D2B5E4B5839}.Debug|Any CPU.ActiveCfg = Debug|Any CPU
		{7F4DBA90-121A-4135-A5F0-4D2B5E4B5839}.Debug|Any CPU.Build.0 = Debug|Any CPU
		{7F4DBA90-121A-4135-A5F0-4D2B5E4B5839}.Release|Any CPU.ActiveCfg = Release|Any CPU
		{7F4DBA90-121A-4135-A5F0-4D2B5E4B5839}.Release|Any CPU.Build.0 = Release|Any CPU
		{24DDAC16-95DC-4A3A-943F-42548D6831C3}.Debug|Any CPU.ActiveCfg = Debug|Any CPU
		{24DDAC16-95DC-4A3A-943F-42548D6831C3}.Debug|Any CPU.Build.0 = Debug|Any CPU
		{24DDAC16-95DC-4A3A-943F-42548D6831C3}.Release|Any CPU.ActiveCfg = Release|Any CPU
		{24DDAC16-95DC-4A3A-943F-42548D6831C3}.Release|Any CPU.Build.0 = Release|Any CPU
		{F2BD01B4-5401-4823-9073-51FC6066B734}.Debug|Any CPU.ActiveCfg = Debug|Any CPU
		{F2BD01B4-5401-4823-9073-51FC6066B734}.Debug|Any CPU.Build.0 = Debug|Any CPU
		{F2BD01B4-5401-4823-9073-51FC6066B734}.Release|Any CPU.ActiveCfg = Release|Any CPU
		{F2BD01B4-5401-4823-9073-51FC6066B734}.Release|Any CPU.Build.0 = Release|Any CPU
		{9B8A7C0D-E2DB-475A-BFF4-CCE668856161}.Debug|Any CPU.ActiveCfg = Debug|Any CPU
		{9B8A7C0D-E2DB-475A-BFF4-CCE668856161}.Debug|Any CPU.Build.0 = Debug|Any CPU
		{9B8A7C0D-E2DB-475A-BFF4-CCE668856161}.Release|Any CPU.ActiveCfg = Release|Any CPU
		{9B8A7C0D-E2DB-475A-BFF4-CCE668856161}.Release|Any CPU.Build.0 = Release|Any CPU
		{06F24BFB-49FA-4B67-897C-8244C09B06F8}.Debug|Any CPU.ActiveCfg = Debug|Any CPU
		{06F24BFB-49FA-4B67-897C-8244C09B06F8}.Debug|Any CPU.Build.0 = Debug|Any CPU
		{06F24BFB-49FA-4B67-897C-8244C09B06F8}.Release|Any CPU.ActiveCfg = Release|Any CPU
		{06F24BFB-49FA-4B67-897C-8244C09B06F8}.Release|Any CPU.Build.0 = Release|Any CPU
		{6B80EDE5-06EE-4A34-A925-44A6FA2037C2}.Debug|Any CPU.ActiveCfg = Debug|Any CPU
		{6B80EDE5-06EE-4A34-A925-44A6FA2037C2}.Debug|Any CPU.Build.0 = Debug|Any CPU
		{6B80EDE5-06EE-4A34-A925-44A6FA2037C2}.Release|Any CPU.ActiveCfg = Release|Any CPU
		{6B80EDE5-06EE-4A34-A925-44A6FA2037C2}.Release|Any CPU.Build.0 = Release|Any CPU
		{B97B315F-3EBD-4ED1-AF41-DB3D9BB58FB9}.Debug|Any CPU.ActiveCfg = Debug|Any CPU
		{B97B315F-3EBD-4ED1-AF41-DB3D9BB58FB9}.Debug|Any CPU.Build.0 = Debug|Any CPU
		{B97B315F-3EBD-4ED1-AF41-DB3D9BB58FB9}.Release|Any CPU.ActiveCfg = Release|Any CPU
		{B97B315F-3EBD-4ED1-AF41-DB3D9BB58FB9}.Release|Any CPU.Build.0 = Release|Any CPU
		{BEB491A8-728B-479D-BA49-76DE65ECA699}.Debug|Any CPU.ActiveCfg = Debug|Any CPU
		{BEB491A8-728B-479D-BA49-76DE65ECA699}.Debug|Any CPU.Build.0 = Debug|Any CPU
		{BEB491A8-728B-479D-BA49-76DE65ECA699}.Release|Any CPU.ActiveCfg = Release|Any CPU
		{BEB491A8-728B-479D-BA49-76DE65ECA699}.Release|Any CPU.Build.0 = Release|Any CPU
	EndGlobalSection
	GlobalSection(SolutionProperties) = preSolution
		HideSolutionNode = FALSE
	EndGlobalSection
	GlobalSection(NestedProjects) = preSolution
		{E17ABA93-095F-4D69-8F11-5DC5EBB8D938} = {AB4F80AC-5703-466B-A950-E88392FDA82A}
		{3064AF45-6491-4308-86CC-B234379D1F05} = {AB4F80AC-5703-466B-A950-E88392FDA82A}
		{5B169266-D9D7-4B94-8F4B-27F1CAD2C4A7} = {AB4F80AC-5703-466B-A950-E88392FDA82A}
		{AAE1DFAD-A015-4F4D-BE54-FB1D87535FEE} = {BDF8EEB6-7CAD-4AB5-BA12-0CB8DF3B18BE}
		{C68BE1B8-17FB-4876-A456-3BBABB777989} = {BDF8EEB6-7CAD-4AB5-BA12-0CB8DF3B18BE}
		{D5603CFE-7BA4-4B92-A71C-C2F33983F68A} = {AAE1DFAD-A015-4F4D-BE54-FB1D87535FEE}
		{D732BD1A-BD17-4E26-A05F-CF69E420628A} = {AAE1DFAD-A015-4F4D-BE54-FB1D87535FEE}
		{B354403C-B557-4D68-A6EB-99BA592B4984} = {AAE1DFAD-A015-4F4D-BE54-FB1D87535FEE}
		{D94CFF00-C150-4420-BA56-6A7B7892AF88} = {5B169266-D9D7-4B94-8F4B-27F1CAD2C4A7}
		{59B78A44-9C24-43FC-9432-D94A79EE2AEB} = {3064AF45-6491-4308-86CC-B234379D1F05}
		{7C5F43E9-AD71-456F-A60F-BB9DB0307B3C} = {3064AF45-6491-4308-86CC-B234379D1F05}
		{7F4DBA90-121A-4135-A5F0-4D2B5E4B5839} = {3064AF45-6491-4308-86CC-B234379D1F05}
		{24DDAC16-95DC-4A3A-943F-42548D6831C3} = {3064AF45-6491-4308-86CC-B234379D1F05}
		{F2BD01B4-5401-4823-9073-51FC6066B734} = {E17ABA93-095F-4D69-8F11-5DC5EBB8D938}
		{9B8A7C0D-E2DB-475A-BFF4-CCE668856161} = {E17ABA93-095F-4D69-8F11-5DC5EBB8D938}
		{06F24BFB-49FA-4B67-897C-8244C09B06F8} = {E17ABA93-095F-4D69-8F11-5DC5EBB8D938}
		{D55E1589-45AD-4385-A8F8-C02198A6B676} = {AB4F80AC-5703-466B-A950-E88392FDA82A}
		{6B80EDE5-06EE-4A34-A925-44A6FA2037C2} = {D55E1589-45AD-4385-A8F8-C02198A6B676}
		{B97B315F-3EBD-4ED1-AF41-DB3D9BB58FB9} = {C68BE1B8-17FB-4876-A456-3BBABB777989}
		{BEB491A8-728B-479D-BA49-76DE65ECA699} = {AAE1DFAD-A015-4F4D-BE54-FB1D87535FEE}
	EndGlobalSection
	GlobalSection(ExtensibilityGlobals) = postSolution
		SolutionGuid = {B6CF5482-A945-4F85-88A0-D7D21C1F229F}
	EndGlobalSection
EndGlobal
